Microsoft Visual Studio Solution File, Format Version 12.00
# Visual Studio Version 17
VisualStudioVersion = 17.0.31903.59
MinimumVisualStudioVersion = 10.0.40219.1
Project("{FAE04EC0-301F-11D3-BF4B-00C04F79EFBC}") = "PhoneUnlock.Core", "windows\PhoneUnlock.Core\PhoneUnlock.Core.csproj", "{2B0806F4-BAB7-4D02-9CDF-A057C82DB8D5}"
EndProject
Project("{FAE04EC0-301F-11D3-BF4B-00C04F79EFBC}") = "PhoneUnlock.Desktop", "windows\PhoneUnlock.Desktop\PhoneUnlock.Desktop.csproj", "{FBD465E9-BEBC-4B80-941C-EFF02304B5DC}"
EndProject
Project("{FAE04EC0-301F-11D3-BF4B-00C04F79EFBC}") = "PhoneUnlock.Core.Tests", "windows\PhoneUnlock.Core.Tests\PhoneUnlock.Core.Tests.csproj", "{E2E20AFA-A85A-47B9-9340-F8CA48D1A2FA}"
EndProject
Project("{FAE04EC0-301F-11D3-BF4B-00C04F79EFBC}") = "PhoneUnlock.Service", "windows\PhoneUnlock.Service\PhoneUnlock.Service.csproj", "{F813B4D0-B46E-4A99-82AB-50D0407E6D9F}"
EndProject
Project("{FAE04EC0-301F-11D3-BF4B-00C04F79EFBC}") = "PhoneUnlock.Setup", "windows\PhoneUnlock.Setup\PhoneUnlock.Setup.csproj", "{7E269F58-61F9-4419-8E58-A73858904D7C}"
EndProject
Project("{FAE04EC0-301F-11D3-BF4B-00C04F79EFBC}") = "PhoneUnlock.Service.Tests", "windows\PhoneUnlock.Service.Tests\PhoneUnlock.Service.Tests.csproj", "{E5CA7785-589C-452E-AB43-7463FD85D63F}"
EndProject
Global
	GlobalSection(SolutionConfigurationPlatforms) = preSolution
		Debug|Any CPU = Debug|Any CPU
		Release|Any CPU = Release|Any CPU
	EndGlobalSection
	GlobalSection(ProjectConfigurationPlatforms) = postSolution
		{2B0806F4-BAB7-4D02-9CDF-A057C82DB8D5}.Debug|Any CPU.ActiveCfg = Debug|Any CPU
		{2B0806F4-BAB7-4D02-9CDF-A057C82DB8D5}.Debug|Any CPU.Build.0 = Debug|Any CPU
		{2B0806F4-BAB7-4D02-9CDF-A057C82DB8D5}.Release|Any CPU.ActiveCfg = Release|Any CPU
		{2B0806F4-BAB7-4D02-9CDF-A057C82DB8D5}.Release|Any CPU.Build.0 = Release|Any CPU
		{FBD465E9-BEBC-4B80-941C-EFF02304B5DC}.Debug|Any CPU.ActiveCfg = Debug|Any CPU
		{FBD465E9-BEBC-4B80-941C-EFF02304B5DC}.Debug|Any CPU.Build.0 = Debug|Any CPU
		{FBD465E9-BEBC-4B80-941C-EFF02304B5DC}.Release|Any CPU.ActiveCfg = Release|Any CPU
		{FBD465E9-BEBC-4B80-941C-EFF02304B5DC}.Release|Any CPU.Build.0 = Release|Any CPU
		{E2E20AFA-A85A-47B9-9340-F8CA48D1A2FA}.Debug|Any CPU.ActiveCfg = Debug|Any CPU
		{E2E20AFA-A85A-47B9-9340-F8CA48D1A2FA}.Debug|Any CPU.Build.0 = Debug|Any CPU
		{E2E20AFA-A85A-47B9-9340-F8CA48D1A2FA}.Release|Any CPU.ActiveCfg = Release|Any CPU
		{E2E20AFA-A85A-47B9-9340-F8CA48D1A2FA}.Release|Any CPU.Build.0 = Release|Any CPU
		{F813B4D0-B46E-4A99-82AB-50D0407E6D9F}.Debug|Any CPU.ActiveCfg = Debug|Any CPU
		{F813B4D0-B46E-4A99-82AB-50D0407E6D9F}.Debug|Any CPU.Build.0 = Debug|Any CPU
		{F813B4D0-B46E-4A99-82AB-50D0407E6D9F}.Release|Any CPU.ActiveCfg = Release|Any CPU
		{F813B4D0-B46E-4A99-82AB-50D0407E6D9F}.Release|Any CPU.Build.0 = Release|Any CPU
		{7E269F58-61F9-4419-8E58-A73858904D7C}.Debug|Any CPU.ActiveCfg = Debug|Any CPU
		{7E269F58-61F9-4419-8E58-A73858904D7C}.Debug|Any CPU.Build.0 = Debug|Any CPU
		{7E269F58-61F9-4419-8E58-A73858904D7C}.Release|Any CPU.ActiveCfg = Release|Any CPU
		{7E269F58-61F9-4419-8E58-A73858904D7C}.Release|Any CPU.Build.0 = Release|Any CPU
		{E5CA7785-589C-452E-AB43-7463FD85D63F}.Debug|Any CPU.ActiveCfg = Debug|Any CPU
		{E5CA7785-589C-452E-AB43-7463FD85D63F}.Debug|Any CPU.Build.0 = Debug|Any CPU
		{E5CA7785-589C-452E-AB43-7463FD85D63F}.Release|Any CPU.ActiveCfg = Release|Any CPU
		{E5CA7785-589C-452E-AB43-7463FD85D63F}.Release|Any CPU.Build.0 = Release|Any CPU
	EndGlobalSection
EndGlobal
